
Microsoft Visual Studio Solution File, Format Version 12.00
# Visual Studio Version 16
VisualStudioVersion = 16.0.31105.61
MinimumVisualStudioVersion = 10.0.40219.1
Project("{FAE04EC0-301F-11D3-BF4B-00C04F79EFBC}") = "Snowbow", "Snowbow\Snowbow.csproj", "{835FFE34-E0D5-44B1-AD16-FD4CE647605A}"
EndProject
Project("{9A19103F-16F7-4668-BE54-9A1E7A4F7556}") = "RazorLight", "RazorLight\src\RazorLight\RazorLight.csproj", "{0BE365DB-C910-441F-8A00-7942DD4BA4B7}"
EndProject
Global
	GlobalSection(SolutionConfigurationPlatforms) = preSolution
		Debug|Any CPU = Debug|Any CPU
		Release|Any CPU = Release|Any CPU
	EndGlobalSection
	GlobalSection(ProjectConfigurationPlatforms) = postSolution
		{835FFE34-E0D5-44B1-AD16-FD4CE647605A}.Debug|Any CPU.ActiveCfg = Debug|Any CPU
		{835FFE34-E0D5-44B1-AD16-FD4CE647605A}.Debug|Any CPU.Build.0 = Debug|Any CPU
		{835FFE34-E0D5-44B1-AD16-FD4CE647605A}.Release|Any CPU.ActiveCfg = Release|Any CPU
		{835FFE34-E0D5-44B1-AD16-FD4CE647605A}.Release|Any CPU.Build.0 = Release|Any CPU
		{0BE365DB-C910-441F-8A00-7942DD4BA4B7}.Debug|Any CPU.ActiveCfg = Debug|Any CPU
		{0BE365DB-C910-441F-8A00-7942DD4BA4B7}.Debug|Any CPU.Build.0 = Debug|Any CPU
		{0BE365DB-C910-441F-8A00-7942DD4BA4B7}.Release|Any CPU.ActiveCfg = Release|Any CPU
		{0BE365DB-C910-441F-8A00-7942DD4BA4B7}.Release|Any CPU.Build.0 = Release|Any CPU
	EndGlobalSection
	GlobalSection(SolutionProperties) = preSolution
		HideSolutionNode = FALSE
	EndGlobalSection
	GlobalSection(ExtensibilityGlobals) = postSolution
		SolutionGuid = {B9C4A604-F523-4D5D-AA78-0B8727310BE1}
	EndGlobalSection
EndGlobal
